{
  "name": "discord-datautils",
  "version": "1.0.0",
  "lockfileVersion": 3,
  "requires": true,
  "packages": {
    "": {
      "name": "discord-datautils",
      "version": "1.0.0",
      "license": "GPL-3.0-or-later",
      "dependencies": {
        "discord-datautils": "^1.0.0"
      }
    },
    "node_modules/discord-datautils": {
      "version": "1.0.0",
      "resolved": "https://registry.npmjs.org/discord-datautils/-/discord-datautils-1.0.0.tgz",
      "integrity": "sha512-6ve2273Lrz8kgQg7pf7jf0fZb/zfl9jkK1XlG156KqIuhwijJ+F+83zsQn/wA2e+NKSksG1twNRI7lo18U8iYA=="
    }
  }
}
